
Microsoft Visual Studio Solution File, Format Version 12.00
# Visual Studio 15
VisualStudioVersion = 15.0.28307.539
MinimumVisualStudioVersion = 10.0.40219.1
Project("{FAE04EC0-301F-11D3-BF4B-00C04F79EFBC}") = "Lists T2", "Lists T2\Lists T2.csproj", "{BD7D4946-7834-4D58-B54D-16E01F4DC4A0}"
EndProject
Global
	GlobalSection(SolutionConfigurationPlatforms) = preSolution
		Debug|Any CPU = Debug|Any CPU
		Release|Any CPU = Release|Any CPU
	EndGlobalSection
	GlobalSection(ProjectConfigurationPlatforms) = postSolution
		{BD7D4946-7834-4D58-B54D-16E01F4DC4A0}.Debug|Any CPU.ActiveCfg = Debug|Any CPU
		{BD7D4946-7834-4D58-B54D-16E01F4DC4A0}.Debug|Any CPU.Build.0 = Debug|Any CPU
		{BD7D4946-7834-4D58-B54D-16E01F4DC4A0}.Release|Any CPU.ActiveCfg = Release|Any CPU
		{BD7D4946-7834-4D58-B54D-16E01F4DC4A0}.Release|Any CPU.Build.0 = Release|Any CPU
	EndGlobalSection
	GlobalSection(SolutionProperties) = preSolution
		HideSolutionNode = FALSE
	EndGlobalSection
	GlobalSection(ExtensibilityGlobals) = postSolution
		SolutionGuid = {15C5DAD7-849B-4F3E-920B-0659F649B981}
	EndGlobalSection
EndGlobal
